
Microsoft Visual Studio Solution File, Format Version 12.00
# Visual Studio Version 17
VisualStudioVersion = 17.9.34714.143
MinimumVisualStudioVersion = 10.0.40219.1
Project("{FAE04EC0-301F-11D3-BF4B-00C04F79EFBC}") = "AvaliacaoMvc", "AvaliacaoMvc\AvaliacaoMvc.csproj", "{7900A018-8436-483F-9ED2-32941AEADB5D}"
EndProject
Global
	GlobalSection(SolutionConfigurationPlatforms) = preSolution
		Debug|Any CPU = Debug|Any CPU
		Release|Any CPU = Release|Any CPU
	EndGlobalSection
	GlobalSection(ProjectConfigurationPlatforms) = postSolution
		{7900A018-8436-483F-9ED2-32941AEADB5D}.Debug|Any CPU.ActiveCfg = Debug|Any CPU
		{7900A018-8436-483F-9ED2-32941AEADB5D}.Debug|Any CPU.Build.0 = Debug|Any CPU
		{7900A018-8436-483F-9ED2-32941AEADB5D}.Release|Any CPU.ActiveCfg = Release|Any CPU
		{7900A018-8436-483F-9ED2-32941AEADB5D}.Release|Any CPU.Build.0 = Release|Any CPU
	EndGlobalSection
	GlobalSection(SolutionProperties) = preSolution
		HideSolutionNode = FALSE
	EndGlobalSection
	GlobalSection(ExtensibilityGlobals) = postSolution
		SolutionGuid = {6B72D603-87AF-4EBB-99E0-3BCEF14CA41F}
	EndGlobalSection
EndGlobal
