
Microsoft Visual Studio Solution File, Format Version 12.00
# Visual Studio Version 17
VisualStudioVersion = 17.9.34714.143
MinimumVisualStudioVersion = 10.0.40219.1
Project("{FAE04EC0-301F-11D3-BF4B-00C04F79EFBC}") = "AulaDtAnot", "AulaDtAnot\AulaDtAnot.csproj", "{CF8C0053-4B74-45CB-94DD-D23BE5023074}"
EndProject
Global
	GlobalSection(SolutionConfigurationPlatforms) = preSolution
		Debug|Any CPU = Debug|Any CPU
		Release|Any CPU = Release|Any CPU
	EndGlobalSection
	GlobalSection(ProjectConfigurationPlatforms) = postSolution
		{CF8C0053-4B74-45CB-94DD-D23BE5023074}.Debug|Any CPU.ActiveCfg = Debug|Any CPU
		{CF8C0053-4B74-45CB-94DD-D23BE5023074}.Debug|Any CPU.Build.0 = Debug|Any CPU
		{CF8C0053-4B74-45CB-94DD-D23BE5023074}.Release|Any CPU.ActiveCfg = Release|Any CPU
		{CF8C0053-4B74-45CB-94DD-D23BE5023074}.Release|Any CPU.Build.0 = Release|Any CPU
	EndGlobalSection
	GlobalSection(SolutionProperties) = preSolution
		HideSolutionNode = FALSE
	EndGlobalSection
	GlobalSection(ExtensibilityGlobals) = postSolution
		SolutionGuid = {5484B9B1-DCF2-4B81-A45C-95DFEF690013}
	EndGlobalSection
EndGlobal
