
Microsoft Visual Studio Solution File, Format Version 12.00
# Visual Studio Version 17
VisualStudioVersion = 17.9.34714.143
MinimumVisualStudioVersion = 10.0.40219.1
Project("{9A19103F-16F7-4668-BE54-9A1E7A4F7556}") = "Aula3Controller", "Aula3Controller\Aula3Controller.csproj", "{57BEFCA4-900C-42E4-B93D-790C1EA82D86}"
EndProject
Project("{FAE04EC0-301F-11D3-BF4B-00C04F79EFBC}") = "CalcIdade", "CalcIdade\CalcIdade.csproj", "{B4B6272F-66F6-4570-8969-3739EF38A228}"
EndProject
Global
	GlobalSection(SolutionConfigurationPlatforms) = preSolution
		Debug|Any CPU = Debug|Any CPU
		Release|Any CPU = Release|Any CPU
	EndGlobalSection
	GlobalSection(ProjectConfigurationPlatforms) = postSolution
		{57BEFCA4-900C-42E4-B93D-790C1EA82D86}.Debug|Any CPU.ActiveCfg = Debug|Any CPU
		{57BEFCA4-900C-42E4-B93D-790C1EA82D86}.Debug|Any CPU.Build.0 = Debug|Any CPU
		{57BEFCA4-900C-42E4-B93D-790C1EA82D86}.Release|Any CPU.ActiveCfg = Release|Any CPU
		{57BEFCA4-900C-42E4-B93D-790C1EA82D86}.Release|Any CPU.Build.0 = Release|Any CPU
		{B4B6272F-66F6-4570-8969-3739EF38A228}.Debug|Any CPU.ActiveCfg = Debug|Any CPU
		{B4B6272F-66F6-4570-8969-3739EF38A228}.Debug|Any CPU.Build.0 = Debug|Any CPU
		{B4B6272F-66F6-4570-8969-3739EF38A228}.Release|Any CPU.ActiveCfg = Release|Any CPU
		{B4B6272F-66F6-4570-8969-3739EF38A228}.Release|Any CPU.Build.0 = Release|Any CPU
	EndGlobalSection
	GlobalSection(SolutionProperties) = preSolution
		HideSolutionNode = FALSE
	EndGlobalSection
	GlobalSection(ExtensibilityGlobals) = postSolution
		SolutionGuid = {A3B8FEA1-A384-4FC7-97B3-A17710B99C7C}
	EndGlobalSection
EndGlobal
