
Microsoft Visual Studio Solution File, Format Version 12.00
# Visual Studio Version 17
VisualStudioVersion = 17.9.34714.143
MinimumVisualStudioVersion = 10.0.40219.1
Project("{FAE04EC0-301F-11D3-BF4B-00C04F79EFBC}") = "MvcMovie", "MvcMovie\MvcMovie.csproj", "{61A20322-16DD-4CC5-B0D5-5DBF90975C08}"
EndProject
Global
	GlobalSection(SolutionConfigurationPlatforms) = preSolution
		Debug|Any CPU = Debug|Any CPU
		Release|Any CPU = Release|Any CPU
	EndGlobalSection
	GlobalSection(ProjectConfigurationPlatforms) = postSolution
		{61A20322-16DD-4CC5-B0D5-5DBF90975C08}.Debug|Any CPU.ActiveCfg = Debug|Any CPU
		{61A20322-16DD-4CC5-B0D5-5DBF90975C08}.Debug|Any CPU.Build.0 = Debug|Any CPU
		{61A20322-16DD-4CC5-B0D5-5DBF90975C08}.Release|Any CPU.ActiveCfg = Release|Any CPU
		{61A20322-16DD-4CC5-B0D5-5DBF90975C08}.Release|Any CPU.Build.0 = Release|Any CPU
	EndGlobalSection
	GlobalSection(SolutionProperties) = preSolution
		HideSolutionNode = FALSE
	EndGlobalSection
	GlobalSection(ExtensibilityGlobals) = postSolution
		SolutionGuid = {BDA87DF6-A9ED-47C6-8698-33A8D3C80D2F}
	EndGlobalSection
EndGlobal
