
Microsoft Visual Studio Solution File, Format Version 12.00
# Visual Studio Version 17
VisualStudioVersion = 17.9.34714.143
MinimumVisualStudioVersion = 10.0.40219.1
Project("{FAE04EC0-301F-11D3-BF4B-00C04F79EFBC}") = "Aula1MVC", "Aula1MVC\Aula1MVC.csproj", "{EAC4E2C0-8252-463B-B6BE-50B8F2DAA0A3}"
EndProject
Global
	GlobalSection(SolutionConfigurationPlatforms) = preSolution
		Debug|Any CPU = Debug|Any CPU
		Release|Any CPU = Release|Any CPU
	EndGlobalSection
	GlobalSection(ProjectConfigurationPlatforms) = postSolution
		{EAC4E2C0-8252-463B-B6BE-50B8F2DAA0A3}.Debug|Any CPU.ActiveCfg = Debug|Any CPU
		{EAC4E2C0-8252-463B-B6BE-50B8F2DAA0A3}.Debug|Any CPU.Build.0 = Debug|Any CPU
		{EAC4E2C0-8252-463B-B6BE-50B8F2DAA0A3}.Release|Any CPU.ActiveCfg = Release|Any CPU
		{EAC4E2C0-8252-463B-B6BE-50B8F2DAA0A3}.Release|Any CPU.Build.0 = Release|Any CPU
	EndGlobalSection
	GlobalSection(SolutionProperties) = preSolution
		HideSolutionNode = FALSE
	EndGlobalSection
	GlobalSection(ExtensibilityGlobals) = postSolution
		SolutionGuid = {E2670D78-BB01-4333-8C63-DA866419049B}
	EndGlobalSection
EndGlobal
