
Microsoft Visual Studio Solution File, Format Version 12.00
# Visual Studio Version 17
VisualStudioVersion = 17.9.34714.143
MinimumVisualStudioVersion = 10.0.40219.1
Project("{FAE04EC0-301F-11D3-BF4B-00C04F79EFBC}") = "ProjetoFilial", "ProjetoFilial\ProjetoFilial.csproj", "{1B614626-E159-4F2C-8F03-EE536D028C82}"
EndProject
Global
	GlobalSection(SolutionConfigurationPlatforms) = preSolution
		Debug|Any CPU = Debug|Any CPU
		Release|Any CPU = Release|Any CPU
	EndGlobalSection
	GlobalSection(ProjectConfigurationPlatforms) = postSolution
		{1B614626-E159-4F2C-8F03-EE536D028C82}.Debug|Any CPU.ActiveCfg = Debug|Any CPU
		{1B614626-E159-4F2C-8F03-EE536D028C82}.Debug|Any CPU.Build.0 = Debug|Any CPU
		{1B614626-E159-4F2C-8F03-EE536D028C82}.Release|Any CPU.ActiveCfg = Release|Any CPU
		{1B614626-E159-4F2C-8F03-EE536D028C82}.Release|Any CPU.Build.0 = Release|Any CPU
	EndGlobalSection
	GlobalSection(SolutionProperties) = preSolution
		HideSolutionNode = FALSE
	EndGlobalSection
	GlobalSection(ExtensibilityGlobals) = postSolution
		SolutionGuid = {DD448ACD-1FB6-49C3-967D-AA8812B314D5}
	EndGlobalSection
EndGlobal
