
Microsoft Visual Studio Solution File, Format Version 12.00
# Visual Studio Version 17
VisualStudioVersion = 17.9.34714.143
MinimumVisualStudioVersion = 10.0.40219.1
Project("{9A19103F-16F7-4668-BE54-9A1E7A4F7556}") = "MinimalApi", "MinimalApi\MinimalApi.csproj", "{BC7EC5B7-2F9F-4596-92F9-E583EEC49AB3}"
EndProject
Global
	GlobalSection(SolutionConfigurationPlatforms) = preSolution
		Debug|Any CPU = Debug|Any CPU
		Release|Any CPU = Release|Any CPU
	EndGlobalSection
	GlobalSection(ProjectConfigurationPlatforms) = postSolution
		{BC7EC5B7-2F9F-4596-92F9-E583EEC49AB3}.Debug|Any CPU.ActiveCfg = Debug|Any CPU
		{BC7EC5B7-2F9F-4596-92F9-E583EEC49AB3}.Debug|Any CPU.Build.0 = Debug|Any CPU
		{BC7EC5B7-2F9F-4596-92F9-E583EEC49AB3}.Release|Any CPU.ActiveCfg = Release|Any CPU
		{BC7EC5B7-2F9F-4596-92F9-E583EEC49AB3}.Release|Any CPU.Build.0 = Release|Any CPU
	EndGlobalSection
	GlobalSection(SolutionProperties) = preSolution
		HideSolutionNode = FALSE
	EndGlobalSection
	GlobalSection(ExtensibilityGlobals) = postSolution
		SolutionGuid = {C39AAF0B-7503-47FD-862F-1B4648EE67BF}
	EndGlobalSection
EndGlobal
