
Microsoft Visual Studio Solution File, Format Version 12.00
# Visual Studio Version 17
VisualStudioVersion = 17.9.34714.143
MinimumVisualStudioVersion = 10.0.40219.1
Project("{FAE04EC0-301F-11D3-BF4B-00C04F79EFBC}") = "TmdbApi", "TmdbApi\TmdbApi.csproj", "{98E1C895-3E76-4DEF-A069-DDBCD1C2E385}"
EndProject
Global
	GlobalSection(SolutionConfigurationPlatforms) = preSolution
		Debug|Any CPU = Debug|Any CPU
		Release|Any CPU = Release|Any CPU
	EndGlobalSection
	GlobalSection(ProjectConfigurationPlatforms) = postSolution
		{98E1C895-3E76-4DEF-A069-DDBCD1C2E385}.Debug|Any CPU.ActiveCfg = Debug|Any CPU
		{98E1C895-3E76-4DEF-A069-DDBCD1C2E385}.Debug|Any CPU.Build.0 = Debug|Any CPU
		{98E1C895-3E76-4DEF-A069-DDBCD1C2E385}.Release|Any CPU.ActiveCfg = Release|Any CPU
		{98E1C895-3E76-4DEF-A069-DDBCD1C2E385}.Release|Any CPU.Build.0 = Release|Any CPU
	EndGlobalSection
	GlobalSection(SolutionProperties) = preSolution
		HideSolutionNode = FALSE
	EndGlobalSection
	GlobalSection(ExtensibilityGlobals) = postSolution
		SolutionGuid = {3D580506-6562-4BD4-9383-1E00F2FB70B5}
	EndGlobalSection
EndGlobal
