
Microsoft Visual Studio Solution File, Format Version 12.00
# Visual Studio Version 17
VisualStudioVersion = 17.9.34714.143
MinimumVisualStudioVersion = 10.0.40219.1
Project("{FAE04EC0-301F-11D3-BF4B-00C04F79EFBC}") = "AulaIdentity", "AulaIdentity\AulaIdentity.csproj", "{70D7CBCE-E889-4F34-8C1A-6D12C01F04E2}"
EndProject
Global
	GlobalSection(SolutionConfigurationPlatforms) = preSolution
		Debug|Any CPU = Debug|Any CPU
		Release|Any CPU = Release|Any CPU
	EndGlobalSection
	GlobalSection(ProjectConfigurationPlatforms) = postSolution
		{70D7CBCE-E889-4F34-8C1A-6D12C01F04E2}.Debug|Any CPU.ActiveCfg = Debug|Any CPU
		{70D7CBCE-E889-4F34-8C1A-6D12C01F04E2}.Debug|Any CPU.Build.0 = Debug|Any CPU
		{70D7CBCE-E889-4F34-8C1A-6D12C01F04E2}.Release|Any CPU.ActiveCfg = Release|Any CPU
		{70D7CBCE-E889-4F34-8C1A-6D12C01F04E2}.Release|Any CPU.Build.0 = Release|Any CPU
	EndGlobalSection
	GlobalSection(SolutionProperties) = preSolution
		HideSolutionNode = FALSE
	EndGlobalSection
	GlobalSection(ExtensibilityGlobals) = postSolution
		SolutionGuid = {B825213F-5C77-4552-8A5D-6200833564B6}
	EndGlobalSection
EndGlobal
